
Microsoft Visual Studio Solution File, Format Version 12.00
# Visual Studio 14
VisualStudioVersion = 14.0.25420.1
MinimumVisualStudioVersion = 10.0.40219.1
Project("{FAE04EC0-301F-11D3-BF4B-00C04F79EFBC}") = "WakeMapper", "WakeMapper\WakeMapper.csproj", "{B1180449-F65F-4E5C-80EE-8247193D6719}"
EndProject
Global
	GlobalSection(SolutionConfigurationPlatforms) = preSolution
		Debug|Any CPU = Debug|Any CPU
		Release|Any CPU = Release|Any CPU
	EndGlobalSection
	GlobalSection(ProjectConfigurationPlatforms) = postSolution
		{B1180449-F65F-4E5C-80EE-8247193D6719}.Debug|Any CPU.ActiveCfg = Debug|Any CPU
		{B1180449-F65F-4E5C-80EE-8247193D6719}.Debug|Any CPU.Build.0 = Debug|Any CPU
		{B1180449-F65F-4E5C-80EE-8247193D6719}.Release|Any CPU.ActiveCfg = Release|Any CPU
		{B1180449-F65F-4E5C-80EE-8247193D6719}.Release|Any CPU.Build.0 = Release|Any CPU
	EndGlobalSection
	GlobalSection(SolutionProperties) = preSolution
		HideSolutionNode = FALSE
	EndGlobalSection
	GlobalSection(TeamFoundationVersionControl) = preSolution
		SccNumberOfProjects = 2
		SccEnterpriseProvider = {4CA58AB2-18FA-4F8D-95D4-32DDF27D184C}
		SccTeamFoundationServer = https://dapcollins.visualstudio.com/
		SccProjectUniqueName0 = WakeMapper\\WakeMapper.csproj
		SccProjectName0 = WakeMapper
		SccLocalPath0 = WakeMapper
		SccLocalPath1 = .
	EndGlobalSection
EndGlobal
